version = 1
revision = 3
requires-python = ">=3.12"

[[package]]
name = "cffi"
version = "1.17.1"
source = { registry = "https://pypi.org/simple" }
dependencies = [
    { name = "pycparser" },
]
sdist = { url = "https://files.pythonhosted.org/packages/fc/97/c783634659c2920c3fc70419e3af40972dbaf758daa229a7d6ea6135c90d/cffi-1.17.1.tar.gz", hash = "sha256:1c39c6016c32bc48dd54561950ebd6836e1670f2ae46128f67cf49e789c52824", size = 516621, upload-time = "2024-09-04T20:45:21.852Z" }
wheels = [
    { url = "https://files.pythonhosted.org/packages/5a/84/e94227139ee5fb4d600a7a4927f322e1d4aea6fdc50bd3fca8493caba23f/cffi-1.17.1-cp312-cp312-macosx_10_9_x86_64.whl", hash = "sha256:805b4371bf7197c329fcb3ead37e710d1bca9da5d583f5073b799d5c5bd1eee4", size = 183178, upload-time = "2024-09-04T20:44:12.232Z" },
    { url = "https://files.pythonhosted.org/packages/da/ee/fb72c2b48656111c4ef27f0f91da355e130a923473bf5ee75c5643d00cca/cffi-1.17.1-cp312-cp312-macosx_11_0_arm64.whl", hash = "sha256:733e99bc2df47476e3848417c5a4540522f234dfd4ef3ab7fafdf555b082ec0c", size = 178840, upload-time = "2024-09-04T20:44:13.739Z" },
    { url = "https://files.pythonhosted.org/packages/cc/b6/db007700f67d151abadf508cbfd6a1884f57eab90b1bb985c4c8c02b0f28/cffi-1.17.1-cp312-cp312-manylinux_2_12_i686.manylinux2010_i686.manylinux_2_17_i686.manylinux2014_i686.whl", hash = "sha256:1257bdabf294dceb59f5e70c64a3e2f462c30c7ad68092d01bbbfb1c16b1ba36", size = 454803, upload-time = "2024-09-04T20:44:15.231Z" },
    { url = "https://files.pythonhosted.org/packages/1a/df/f8d151540d8c200eb1c6fba8cd0dfd40904f1b0682ea705c36e6c2e97ab3/cffi-1.17.1-cp312-cp312-manylinux_2_17_aarch64.manylinux2014_aarch64.whl", hash = "sha256:da95af8214998d77a98cc14e3a3bd00aa191526343078b530ceb0bd710fb48a5", size = 478850, upload-time = "2024-09-04T20:44:17.188Z" },
    { url = "https://files.pythonhosted.org/packages/28/c0/b31116332a547fd2677ae5b78a2ef662dfc8023d67f41b2a83f7c2aa78b1/cffi-1.17.1-cp312-cp312-manylinux_2_17_ppc64le.manylinux2014_ppc64le.whl", hash = "sha256:d63afe322132c194cf832bfec0dc69a99fb9bb6bbd550f161a49e9e855cc78ff", size = 485729, upload-time = "2024-09-04T20:44:18.688Z" },
    { url = "https://files.pythonhosted.org/packages/91/2b/9a1ddfa5c7f13cab007a2c9cc295b70fbbda7cb10a286aa6810338e60ea1/cffi-1.17.1-cp312-cp312-manylinux_2_17_s390x.manylinux2014_s390x.whl", hash = "sha256:f79fc4fc25f1c8698ff97788206bb3c2598949bfe0fef03d299eb1b5356ada99", size = 471256, upload-time = "2024-09-04T20:44:20.248Z" },
    { url = "https://files.pythonhosted.org/packages/b2/d5/da47df7004cb17e4955df6a43d14b3b4ae77737dff8bf7f8f333196717bf/cffi-1.17.1-cp312-cp312-manylinux_2_17_x86_64.manylinux2014_x86_64.whl", hash = "sha256:b62ce867176a75d03a665bad002af8e6d54644fad99a3c70905c543130e39d93", size = 479424, upload-time = "2024-09-04T20:44:21.673Z" },
    { url = "https://files.pythonhosted.org/packages/0b/ac/2a28bcf513e93a219c8a4e8e125534f4f6db03e3179ba1c45e949b76212c/cffi-1.17.1-cp312-cp312-musllinux_1_1_aarch64.whl", hash = "sha256:386c8bf53c502fff58903061338ce4f4950cbdcb23e2902d86c0f722b786bbe3", size = 484568, upload-time = "2024-09-04T20:44:23.245Z" },
    { url = "https://files.pythonhosted.org/packages/d4/38/ca8a4f639065f14ae0f1d9751e70447a261f1a30fa7547a828ae08142465/cffi-1.17.1-cp312-cp312-musllinux_1_1_x86_64.whl", hash = "sha256:4ceb10419a9adf4460ea14cfd6bc43d08701f0835e979bf821052f1805850fe8", size = 488736, upload-time = "2024-09-04T20:44:24.757Z" },
    { url = "https://files.pythonhosted.org/packages/86/c5/28b2d6f799ec0bdecf44dced2ec5ed43e0eb63097b0f58c293583b406582/cffi-1.17.1-cp312-cp312-win32.whl", hash = "sha256:a08d7e755f8ed21095a310a693525137cfe756ce62d066e53f502a83dc550f65", size = 172448, upload-time = "2024-09-04T20:44:26.208Z" },
    { url = "https://files.pythonhosted.org/packages/50/b9/db34c4755a7bd1cb2d1603ac3863f22bcecbd1ba29e5ee841a4bc510b294/cffi-1.17.1-cp312-cp312-win_amd64.whl", hash = "sha256:51392eae71afec0d0c8fb1a53b204dbb3bcabcb3c9b807eedf3e1e6ccf2de903", size = 181976, upload-time = "2024-09-04T20:44:27.578Z" },
    { url = "https://files.pythonhosted.org/packages/8d/f8/dd6c246b148639254dad4d6803eb6a54e8c85c6e11ec9df2cffa87571dbe/cffi-1.17.1-cp313-cp313-macosx_10_13_x86_64.whl", hash = "sha256:f3a2b4222ce6b60e2e8b337bb9596923045681d71e5a082783484d845390938e", size = 182989, upload-time = "2024-09-04T20:44:28.956Z" },
    { url = "https://files.pythonhosted.org/packages/8b/f1/672d303ddf17c24fc83afd712316fda78dc6fce1cd53011b839483e1ecc8/cffi-1.17.1-cp313-cp313-macosx_11_0_arm64.whl", hash = "sha256:0984a4925a435b1da406122d4d7968dd861c1385afe3b45ba82b750f229811e2", size = 178802, upload-time = "2024-09-04T20:44:30.289Z" },
    { url = "https://files.pythonhosted.org/packages/0e/2d/eab2e858a91fdff70533cab61dcff4a1f55ec60425832ddfdc9cd36bc8af/cffi-1.17.1-cp313-cp313-manylinux_2_12_i686.manylinux2010_i686.manylinux_2_17_i686.manylinux2014_i686.whl", hash = "sha256:d01b12eeeb4427d3110de311e1774046ad344f5b1a7403101878976ecd7a10f3", size = 454792, upload-time = "2024-09-04T20:44:32.01Z" },
    { url = "https://files.pythonhosted.org/packages/75/b2/fbaec7c4455c604e29388d55599b99ebcc250a60050610fadde58932b7ee/cffi-1.17.1-cp313-cp313-manylinux_2_17_aarch64.manylinux2014_aarch64.whl", hash = "sha256:706510fe141c86a69c8ddc029c7910003a17353970cff3b904ff0686a5927683", size = 478893, upload-time = "2024-09-04T20:44:33.606Z" },
    { url = "https://files.pythonhosted.org/packages/4f/b7/6e4a2162178bf1935c336d4da8a9352cccab4d3a5d7914065490f08c0690/cffi-1.17.1-cp313-cp313-manylinux_2_17_ppc64le.manylinux2014_ppc64le.whl", hash = "sha256:de55b766c7aa2e2a3092c51e0483d700341182f08e67c63630d5b6f200bb28e5", size = 485810, upload-time = "2024-09-04T20:44:35.191Z" },
    { url = "https://files.pythonhosted.org/packages/c7/8a/1d0e4a9c26e54746dc08c2c6c037889124d4f59dffd853a659fa545f1b40/cffi-1.17.1-cp313-cp313-manylinux_2_17_s390x.manylinux2014_s390x.whl", hash = "sha256:c59d6e989d07460165cc5ad3c61f9fd8f1b4796eacbd81cee78957842b834af4", size = 471200, upload-time = "2024-09-04T20:44:36.743Z" },
    { url = "https://files.pythonhosted.org/packages/26/9f/1aab65a6c0db35f43c4d1b4f580e8df53914310afc10ae0397d29d697af4/cffi-1.17.1-cp313-cp313-manylinux_2_17_x86_64.manylinux2014_x86_64.whl", hash = "sha256:dd398dbc6773384a17fe0d3e7eeb8d1a21c2200473ee6806bb5e6a8e62bb73dd", size = 479447, upload-time = "2024-09-04T20:44:38.492Z" },
    { url = "https://files.pythonhosted.org/packages/5f/e4/fb8b3dd8dc0e98edf1135ff067ae070bb32ef9d509d6cb0f538cd6f7483f/cffi-1.17.1-cp313-cp313-musllinux_1_1_aarch64.whl", hash = "sha256:3edc8d958eb099c634dace3c7e16560ae474aa3803a5df240542b305d14e14ed", size = 484358, upload-time = "2024-09-04T20:44:40.046Z" },
    { url = "https://files.pythonhosted.org/packages/f1/47/d7145bf2dc04684935d57d67dff9d6d795b2ba2796806bb109864be3a151/cffi-1.17.1-cp313-cp313-musllinux_1_1_x86_64.whl", hash = "sha256:72e72408cad3d5419375fc87d289076ee319835bdfa2caad331e377589aebba9", size = 488469, upload-time = "2024-09-04T20:44:41.616Z" },
    { url = "https://files.pythonhosted.org/packages/bf/ee/f94057fa6426481d663b88637a9a10e859e492c73d0384514a17d78ee205/cffi-1.17.1-cp313-cp313-win32.whl", hash = "sha256:e03eab0a8677fa80d646b5ddece1cbeaf556c313dcfac435ba11f107ba117b5d", size = 172475, upload-time = "2024-09-04T20:44:43.733Z" },
    { url = "https://files.pythonhosted.org/packages/7c/fc/6a8cb64e5f0324877d503c854da15d76c1e50eb722e320b15345c4d0c6de/cffi-1.17.1-cp313-cp313-win_amd64.whl", hash = "sha256:f6a16c31041f09ead72d69f583767292f750d24913dadacf5756b966aacb3f1a", size = 182009, upload-time = "2024-09-04T20:44:45.309Z" },
]

[[package]]
name = "glfw"
version = "2.9.0"
source = { registry = "https://pypi.org/simple" }
sdist = { url = "https://files.pythonhosted.org/packages/38/97/a2d667c98b8474f6b8294042488c1bd488681fb3cb4c3b9cdac1a9114287/glfw-2.9.0.tar.gz", hash = "sha256:077111a150ff09bc302c5e4ae265a5eb6aeaff0c8b01f727f7fb34e3764bb8e2", size = 31453, upload-time = "2025-04-15T15:39:54.142Z" }
wheels = [
    { url = "https://files.pythonhosted.org/packages/21/71/13dd8a8d547809543d21de9438a3a76a8728fc7966d01ad9fb54599aebf5/glfw-2.9.0-py2.py27.py3.py30.py31.py32.py33.py34.py35.py36.py37.py38.p39.p310.p311.p312.p313-none-macosx_10_6_intel.whl", hash = "sha256:183da99152f63469e9263146db2eb1b6cc4ee0c4082b280743e57bd1b0a3bd70", size = 105297, upload-time = "2025-04-15T15:39:39.677Z" },
    { url = "https://files.pythonhosted.org/packages/f8/a2/45e6dceec1e0a0ffa8dd3c0ecf1e11d74639a55186243129160c6434d456/glfw-2.9.0-py2.py27.py3.py30.py31.py32.py33.py34.py35.py36.py37.py38.p39.p310.p311.p312.p313-none-macosx_11_0_arm64.whl", hash = "sha256:aef5b555673b9555216e4cd7bc0bdbbb9983f66c620a85ba7310cfcfda5cd38c", size = 102146, upload-time = "2025-04-15T15:39:42.354Z" },
    { url = "https://files.pythonhosted.org/packages/d2/72/b6261ed918e3747c6070fe80636c63a3c8f1c42ce122670315eeeada156f/glfw-2.9.0-py2.py27.py3.py30.py31.py32.py33.py34.py35.py36.py37.py38.p39.p310.p311.p312.p313-none-manylinux2014_aarch64.whl", hash = "sha256:fcc430cb21984afba74945b7df38a5e1a02b36c0b4a2a2bab42b4a26d7cc51d6", size = 230002, upload-time = "2025-04-15T15:39:43.933Z" },
    { url = "https://files.pythonhosted.org/packages/45/d6/7f95786332e8b798569b8e60db2ee081874cec2a62572b8ec55c309d85b7/glfw-2.9.0-py2.py27.py3.py30.py31.py32.py33.py34.py35.py36.py37.py38.p39.p310.p311.p312.p313-none-manylinux2014_x86_64.whl", hash = "sha256:7f85b58546880466ac445fc564c5c831ca93c8a99795ab8eaf0a2d521af293d7", size = 241949, upload-time = "2025-04-15T15:39:45.28Z" },
    { url = "https://files.pythonhosted.org/packages/a1/e6/093ab7874a74bba351e754f6e7748c031bd7276702135da6cbcd00e1f3e2/glfw-2.9.0-py2.py27.py3.py30.py31.py32.py33.py34.py35.py36.py37.py38.p39.p310.p311.p312.p313-none-manylinux_2_28_aarch64.whl", hash = "sha256:2123716c8086b80b797e849a534fc6f21aebca300519e57c80618a65ca8135dc", size = 231016, upload-time = "2025-04-15T15:39:46.669Z" },
    { url = "https://files.pythonhosted.org/packages/7f/ba/de3630757c7d7fc2086aaf3994926d6b869d31586e4d0c14f1666af31b93/glfw-2.9.0-py2.py27.py3.py30.py31.py32.py33.py34.py35.py36.py37.py38.p39.p310.p311.p312.p313-none-manylinux_2_28_x86_64.whl", hash = "sha256:4e11271e49eb9bc53431ade022e284d5a59abeace81fe3b178db1bf3ccc0c449", size = 243489, upload-time = "2025-04-15T15:39:48.321Z" },
    { url = "https://files.pythonhosted.org/packages/32/36/c3bada8503681806231d1705ea1802bac8febf69e4186b9f0f0b9e2e4f7e/glfw-2.9.0-py2.py27.py3.py30.py31.py32.py33.py34.py35.py36.py37.py38.p39.p310.p311.p312.p313-none-win32.whl", hash = "sha256:8e4fbff88e4e953bb969b6813195d5de4641f886530cc8083897e56b00bf2c8e", size = 552655, upload-time = "2025-04-15T15:39:50.029Z" },
    { url = "https://files.pythonhosted.org/packages/cb/70/7f2f052ca20c3b69892818f2ee1fea53b037ea9145ff75b944ed1dc4ff82/glfw-2.9.0-py2.py27.py3.py30.py31.py32.py33.py34.py35.py36.py37.py38.p39.p310.p311.p312.p313-none-win_amd64.whl", hash = "sha256:9aa3ae51601601c53838315bd2a03efb1e6bebecd072b2f64ddbd0b2556d511a", size = 559441, upload-time = "2025-04-15T15:39:52.531Z" },
]

[[package]]
name = "pycparser"
version = "2.22"
source = { registry = "https://pypi.org/simple" }
sdist = { url = "https://files.pythonhosted.org/packages/1d/b2/31537cf4b1ca988837256c910a668b553fceb8f069bedc4b1c826024b52c/pycparser-2.22.tar.gz", hash = "sha256:491c8be9c040f5390f5bf44a5b07752bd07f56edf992381b05c701439eec10f6", size = 172736, upload-time = "2024-03-30T13:22:22.564Z" }
wheels = [
    { url = "https://files.pythonhosted.org/packages/13/a3/a812df4e2dd5696d1f351d58b8fe16a405b234ad2886a0dab9183fb78109/pycparser-2.22-py3-none-any.whl", hash = "sha256:c3702b6d3dd8c7abc1afa565d7e63d53a1d0bd86cdc24edd75470f4de499cfcc", size = 117552, upload-time = "2024-03-30T13:22:20.476Z" },
]

[[package]]
name = "python-wgpu"
version = "0.1.0"
source = { virtual = "." }
dependencies = [
    { name = "glfw" },
    { name = "rendercanvas" },
    { name = "wgpu" },
]

[package.metadata]
requires-dist = [
    { name = "glfw", specifier = ">=2.9.0" },
    { name = "rendercanvas", specifier = ">=2.2.0" },
    { name = "wgpu", specifier = ">=0.23.0" },
]

[[package]]
name = "rendercanvas"
version = "2.2.0"
source = { registry = "https://pypi.org/simple" }
dependencies = [
    { name = "sniffio" },
]
sdist = { url = "https://files.pythonhosted.org/packages/1f/10/6fe20f4e7d74e580e15f3a440069bac3d01460738502392c300494d97459/rendercanvas-2.2.0.tar.gz", hash = "sha256:d2a0f620eb29db852cd9e1d4abf259f1385db890a2dc2146506205e681e6bc79", size = 61541, upload-time = "2025-06-30T13:45:46.404Z" }
wheels = [
    { url = "https://files.pythonhosted.org/packages/2c/d5/4386e000f0179813c14b23aa6b300fbbb3bc353f5aa269bfc515082cd8cd/rendercanvas-2.2.0-py3-none-any.whl", hash = "sha256:798d38f8700239bc62d0a2a1c661fe8c241545dc9c28fb2679507548b93ff40b", size = 73979, upload-time = "2025-06-30T13:45:45.562Z" },
]

[[package]]
name = "rubicon-objc"
version = "0.5.2"
source = { registry = "https://pypi.org/simple" }
sdist = { url = "https://files.pythonhosted.org/packages/a7/2f/612049b8601e810080f63f4b85acbf2ed0784349088d3c944eb288e1d487/rubicon_objc-0.5.2.tar.gz", hash = "sha256:1180593935f6a8a39c23b5f4b7baa24aedf9f7285e80804a1d9d6b50a50572f5", size = 175710, upload-time = "2025-08-07T06:12:25.194Z" }
wheels = [
    { url = "https://files.pythonhosted.org/packages/9f/a4/11ad29100060af56408ed084dca76a16d2ce8eb31b75081bfc0eec45d755/rubicon_objc-0.5.2-py3-none-any.whl", hash = "sha256:829b253c579e51fc34f4bb6587c34806e78960dcc1eb24e62b38141a1fe02b39", size = 63512, upload-time = "2025-08-07T06:12:23.766Z" },
]

[[package]]
name = "sniffio"
version = "1.3.1"
source = { registry = "https://pypi.org/simple" }
sdist = { url = "https://files.pythonhosted.org/packages/a2/87/a6771e1546d97e7e041b6ae58d80074f81b7d5121207425c964ddf5cfdbd/sniffio-1.3.1.tar.gz", hash = "sha256:f4324edc670a0f49750a81b895f35c3adb843cca46f0530f79fc1babb23789dc", size = 20372, upload-time = "2024-02-25T23:20:04.057Z" }
wheels = [
    { url = "https://files.pythonhosted.org/packages/e9/44/75a9c9421471a6c4805dbf2356f7c181a29c1879239abab1ea2cc8f38b40/sniffio-1.3.1-py3-none-any.whl", hash = "sha256:2f6da418d1f1e0fddd844478f41680e794e6051915791a034ff65e5f100525a2", size = 10235, upload-time = "2024-02-25T23:20:01.196Z" },
]

[[package]]
name = "wgpu"
version = "0.23.0"
source = { registry = "https://pypi.org/simple" }
dependencies = [
    { name = "cffi" },
    { name = "rubicon-objc", marker = "sys_platform == 'darwin'" },
    { name = "sniffio" },
]
sdist = { url = "https://files.pythonhosted.org/packages/b9/f6/a3deef47adece9731a915d9fede3102e0e49eefb9b226888ba4c2a952e3c/wgpu-0.23.0.tar.gz", hash = "sha256:62be1fbd08295f618d4aaca6c288eea446f532f13218b9545af07fe48b9068c4", size = 169365, upload-time = "2025-07-11T11:55:31.535Z" }
wheels = [
    { url = "https://files.pythonhosted.org/packages/c5/3d/65cb82b227159f23d418b435ae93a8b85b4c9c91a1d621e4032f6d5a25a2/wgpu-0.23.0-py3-none-macosx_10_9_x86_64.whl", hash = "sha256:bcc1185c3410be4e7d1c6b742637b8560d1589c97bec4791859107d866bcd115", size = 2725823, upload-time = "2025-07-11T11:55:19.614Z" },
    { url = "https://files.pythonhosted.org/packages/72/ec/238995573e6adf918df1e19a33c9b7f5034223f8dcb2ba34edfd4674dee9/wgpu-0.23.0-py3-none-macosx_11_0_arm64.whl", hash = "sha256:10859c3e723b8f5364fd58a149d114e9dcb0c85ada1ec9d190179e55d1ea3645", size = 2634897, upload-time = "2025-07-11T11:55:21.869Z" },
    { url = "https://files.pythonhosted.org/packages/b9/1f/cc724db3a7bba4d5b4cc9469070b8d35a506800fd1431255eea251a35975/wgpu-0.23.0-py3-none-manylinux_2_28_aarch64.whl", hash = "sha256:eb998b0cdfc60bb7066868ba9e1326081269a99da38a257846c07a6d721b0650", size = 3321048, upload-time = "2025-07-11T11:55:23.167Z" },
    { url = "https://files.pythonhosted.org/packages/5e/3e/1df0c9e82d2709adf858d614f1d4356b5a40343338ce297bc524db2dfa02/wgpu-0.23.0-py3-none-manylinux_2_28_x86_64.whl", hash = "sha256:22374e541edbbfc2cffbd70d62564e681d5a9a2e13661e36477f0ffd0030beb5", size = 3383987, upload-time = "2025-07-11T11:55:24.865Z" },
    { url = "https://files.pythonhosted.org/packages/6d/e0/0a27e989050d42edd9a72cf7bbff47595374e3948805830a8e6e2a1f110c/wgpu-0.23.0-py3-none-win32.whl", hash = "sha256:b622c133532584aea425517a2a829d3f74de0cb9c4401c2ec31136713cfda784", size = 2972950, upload-time = "2025-07-11T11:55:26.456Z" },
    { url = "https://files.pythonhosted.org/packages/4d/db/9bbae2c1e036f9d87c28da9b66f87acc459a22f3706fdb61484ebf3dbded/wgpu-0.23.0-py3-none-win_amd64.whl", hash = "sha256:543225ee1da92c1dcfc40f3074a9640c55bc84be70c9efccabfe762213f576bd", size = 3169310, upload-time = "2025-07-11T11:55:28.208Z" },
    { url = "https://files.pythonhosted.org/packages/32/c1/e7f974646e4c3bb58fecc10d8abdbacba3ceb20f6143d1f0c0312fd08049/wgpu-0.23.0-py3-none-win_arm64.whl", hash = "sha256:50de0fc9fac86394ca1fb7edfdd02e3d5a66661d658aabc1f32a2172ff9c219e", size = 2992047, upload-time = "2025-07-11T11:55:29.797Z" },
]
