
Microsoft Visual Studio Solution File, Format Version 12.00
# Visual Studio Version 17
VisualStudioVersion = 17.0.31903.59
MinimumVisualStudioVersion = 10.0.40219.1
Project("{F2A71F9B-5D33-465A-A702-920D77279786}") = "Client", "Client\Client.fsproj", "{A1D2CB71-A38A-4A6D-9752-B658BA3F603F}"
EndProject
Project("{F2A71F9B-5D33-465A-A702-920D77279786}") = "Server", "Server\Server.fsproj", "{8FA38ADE-0746-4843-B793-8D105F89D7DD}"
EndProject
Project("{F2A71F9B-5D33-465A-A702-920D77279786}") = "Shared", "Shared\Shared.fsproj", "{D115AFA2-1683-447F-9348-889E365F9CA1}"
EndProject
Global
	GlobalSection(SolutionConfigurationPlatforms) = preSolution
		Debug|Any CPU = Debug|Any CPU
		Release|Any CPU = Release|Any CPU
	EndGlobalSection
	GlobalSection(SolutionProperties) = preSolution
		HideSolutionNode = FALSE
	EndGlobalSection
	GlobalSection(ProjectConfigurationPlatforms) = postSolution
		{A1D2CB71-A38A-4A6D-9752-B658BA3F603F}.Debug|Any CPU.ActiveCfg = Debug|Any CPU
		{A1D2CB71-A38A-4A6D-9752-B658BA3F603F}.Debug|Any CPU.Build.0 = Debug|Any CPU
		{A1D2CB71-A38A-4A6D-9752-B658BA3F603F}.Release|Any CPU.ActiveCfg = Release|Any CPU
		{A1D2CB71-A38A-4A6D-9752-B658BA3F603F}.Release|Any CPU.Build.0 = Release|Any CPU
		{8FA38ADE-0746-4843-B793-8D105F89D7DD}.Debug|Any CPU.ActiveCfg = Debug|Any CPU
		{8FA38ADE-0746-4843-B793-8D105F89D7DD}.Debug|Any CPU.Build.0 = Debug|Any CPU
		{8FA38ADE-0746-4843-B793-8D105F89D7DD}.Release|Any CPU.ActiveCfg = Release|Any CPU
		{8FA38ADE-0746-4843-B793-8D105F89D7DD}.Release|Any CPU.Build.0 = Release|Any CPU
		{D115AFA2-1683-447F-9348-889E365F9CA1}.Debug|Any CPU.ActiveCfg = Debug|Any CPU
		{D115AFA2-1683-447F-9348-889E365F9CA1}.Debug|Any CPU.Build.0 = Debug|Any CPU
		{D115AFA2-1683-447F-9348-889E365F9CA1}.Release|Any CPU.ActiveCfg = Release|Any CPU
		{D115AFA2-1683-447F-9348-889E365F9CA1}.Release|Any CPU.Build.0 = Release|Any CPU
	EndGlobalSection
EndGlobal
